
Microsoft Visual Studio Solution File, Format Version 12.00
# Visual Studio Version 17
VisualStudioVersion = 17.4.33213.308
MinimumVisualStudioVersion = 10.0.40219.1
Project("{2150E333-8FDC-42A3-9474-1A3956D46DE8}") = "project", "project", "{BB2B47CC-2880-479C-B42A-274001FEBF43}"
EndProject
Project("{2150E333-8FDC-42A3-9474-1A3956D46DE8}") = "client", "client", "{583B8941-1480-4E0E-BC0A-FF93DFA64EAF}"
EndProject
Project("{2150E333-8FDC-42A3-9474-1A3956D46DE8}") = "server", "server", "{01DAE482-1CED-45B9-B198-86E3686DB32A}"
EndProject
Project("{2150E333-8FDC-42A3-9474-1A3956D46DE8}") = "shared", "shared", "{F7398DCF-6CC1-41A8-AA75-839820F962A9}"
EndProject
Project("{9A19103F-16F7-4668-BE54-9A1E7A4F7556}") = "AutomobileCatalog.Server.Core", "AutomobileCatalog.Server.Core\AutomobileCatalog.Server.Core.csproj", "{0F99C1C0-11B6-4E83-A995-8866B4DFC66E}"
EndProject
Project("{9A19103F-16F7-4668-BE54-9A1E7A4F7556}") = "AutomobileCatalog.Server.Infrastructure", "AutomobileCatalog.Server.Infrastructure\AutomobileCatalog.Server.Infrastructure.csproj", "{B6E436BD-308A-4C21-887E-53F3AD9AA647}"
EndProject
Project("{9A19103F-16F7-4668-BE54-9A1E7A4F7556}") = "AutomobileCatalog.Client.Infrastructure", "AutomobileCatalog.Client.Infrastructure\AutomobileCatalog.Client.Infrastructure.csproj", "{F7FD9B72-17CF-4948-8C54-E19871F88091}"
EndProject
Project("{9A19103F-16F7-4668-BE54-9A1E7A4F7556}") = "AutomobileCatalog.Server", "AutomobileCatalog\Server\AutomobileCatalog.Server.csproj", "{A3F5B507-EFB8-4E83-A283-4C678CD5376C}"
EndProject
Project("{9A19103F-16F7-4668-BE54-9A1E7A4F7556}") = "AutomobileCatalog.Shared", "AutomobileCatalog\Shared\AutomobileCatalog.Shared.csproj", "{4F3A8A30-AEC7-41C1-B02E-29DB2CD38460}"
EndProject
Global
	GlobalSection(SolutionConfigurationPlatforms) = preSolution
		Debug|Any CPU = Debug|Any CPU
		Release|Any CPU = Release|Any CPU
	EndGlobalSection
	GlobalSection(ProjectConfigurationPlatforms) = postSolution
		{0F99C1C0-11B6-4E83-A995-8866B4DFC66E}.Debug|Any CPU.ActiveCfg = Debug|Any CPU
		{0F99C1C0-11B6-4E83-A995-8866B4DFC66E}.Debug|Any CPU.Build.0 = Debug|Any CPU
		{0F99C1C0-11B6-4E83-A995-8866B4DFC66E}.Release|Any CPU.ActiveCfg = Release|Any CPU
		{0F99C1C0-11B6-4E83-A995-8866B4DFC66E}.Release|Any CPU.Build.0 = Release|Any CPU
		{B6E436BD-308A-4C21-887E-53F3AD9AA647}.Debug|Any CPU.ActiveCfg = Debug|Any CPU
		{B6E436BD-308A-4C21-887E-53F3AD9AA647}.Debug|Any CPU.Build.0 = Debug|Any CPU
		{B6E436BD-308A-4C21-887E-53F3AD9AA647}.Release|Any CPU.ActiveCfg = Release|Any CPU
		{B6E436BD-308A-4C21-887E-53F3AD9AA647}.Release|Any CPU.Build.0 = Release|Any CPU
		{F7FD9B72-17CF-4948-8C54-E19871F88091}.Debug|Any CPU.ActiveCfg = Debug|Any CPU
		{F7FD9B72-17CF-4948-8C54-E19871F88091}.Debug|Any CPU.Build.0 = Debug|Any CPU
		{F7FD9B72-17CF-4948-8C54-E19871F88091}.Release|Any CPU.ActiveCfg = Release|Any CPU
		{F7FD9B72-17CF-4948-8C54-E19871F88091}.Release|Any CPU.Build.0 = Release|Any CPU
		{A3F5B507-EFB8-4E83-A283-4C678CD5376C}.Debug|Any CPU.ActiveCfg = Debug|Any CPU
		{A3F5B507-EFB8-4E83-A283-4C678CD5376C}.Debug|Any CPU.Build.0 = Debug|Any CPU
		{A3F5B507-EFB8-4E83-A283-4C678CD5376C}.Release|Any CPU.ActiveCfg = Release|Any CPU
		{A3F5B507-EFB8-4E83-A283-4C678CD5376C}.Release|Any CPU.Build.0 = Release|Any CPU
		{4F3A8A30-AEC7-41C1-B02E-29DB2CD38460}.Debug|Any CPU.ActiveCfg = Debug|Any CPU
		{4F3A8A30-AEC7-41C1-B02E-29DB2CD38460}.Debug|Any CPU.Build.0 = Debug|Any CPU
		{4F3A8A30-AEC7-41C1-B02E-29DB2CD38460}.Release|Any CPU.ActiveCfg = Release|Any CPU
		{4F3A8A30-AEC7-41C1-B02E-29DB2CD38460}.Release|Any CPU.Build.0 = Release|Any CPU
	EndGlobalSection
	GlobalSection(SolutionProperties) = preSolution
		HideSolutionNode = FALSE
	EndGlobalSection
	GlobalSection(NestedProjects) = preSolution
		{583B8941-1480-4E0E-BC0A-FF93DFA64EAF} = {BB2B47CC-2880-479C-B42A-274001FEBF43}
		{01DAE482-1CED-45B9-B198-86E3686DB32A} = {BB2B47CC-2880-479C-B42A-274001FEBF43}
		{F7398DCF-6CC1-41A8-AA75-839820F962A9} = {BB2B47CC-2880-479C-B42A-274001FEBF43}
		{0F99C1C0-11B6-4E83-A995-8866B4DFC66E} = {01DAE482-1CED-45B9-B198-86E3686DB32A}
		{B6E436BD-308A-4C21-887E-53F3AD9AA647} = {01DAE482-1CED-45B9-B198-86E3686DB32A}
		{F7FD9B72-17CF-4948-8C54-E19871F88091} = {583B8941-1480-4E0E-BC0A-FF93DFA64EAF}
		{A3F5B507-EFB8-4E83-A283-4C678CD5376C} = {01DAE482-1CED-45B9-B198-86E3686DB32A}
		{4F3A8A30-AEC7-41C1-B02E-29DB2CD38460} = {F7398DCF-6CC1-41A8-AA75-839820F962A9}
	EndGlobalSection
	GlobalSection(ExtensibilityGlobals) = postSolution
		SolutionGuid = {E51FA725-A2A1-4752-92DB-F902615748A2}
	EndGlobalSection
EndGlobal
